// !$*UTF8*$!
{
	archiveVersion = 1;
	classes = {
	};
	objectVersion = 50;
	objects = {

/* Begin PBXBuildFile section */
		C1B3012425ECE5C200B02D4A /* micro.cpp in Sources */ = {isa = PBXBuildFile; fileRef = C1B300D725ECDF3F00B02D4A /* micro.cpp */; };
		C1B3012525ECE5C200B02D4A /* ios.mm in Sources */ = {isa = PBXBuildFile; fileRef = C1EE536D25DBC80100F4C8D3 /* ios.mm */; };
		C1B3012625ECE5C200B02D4A /* tz.cpp in Sources */ = {isa = PBXBuildFile; fileRef = C1B9BB2625DBC49F001B4BFB /* tz.cpp */; };
		C1B3012825ECE5CB00B02D4A /* options.pb.cc in Sources */ = {isa = PBXBuildFile; fileRef = C1B3008125ECDA2200B02D4A /* options.pb.cc */; };
		C1B3012925ECE5CB00B02D4A /* api.pb.cc in Sources */ = {isa = PBXBuildFile; fileRef = C1B3008525ECDA2200B02D4A /* api.pb.cc */; };
		C1B3012A25ECE5CB00B02D4A /* trip.pb.cc in Sources */ = {isa = PBXBuildFile; fileRef = C1B3008225ECDA2200B02D4A /* trip.pb.cc */; };
		C1B3012B25ECE5CB00B02D4A /* directions.pb.cc in Sources */ = {isa = PBXBuildFile; fileRef = C1B3008025ECDA2200B02D4A /* directions.pb.cc */; };
		C1B3012C25ECE5CB00B02D4A /* info.pb.cc in Sources */ = {isa = PBXBuildFile; fileRef = C1B3008E25ECDA2300B02D4A /* info.pb.cc */; };
		C1B3012D25ECE5CB00B02D4A /* incidents.pb.cc in Sources */ = {isa = PBXBuildFile; fileRef = C1B3008725ECDA2200B02D4A /* incidents.pb.cc */; };
		C1B3012E25ECE5CB00B02D4A /* tripcommon.pb.cc in Sources */ = {isa = PBXBuildFile; fileRef = C1B3008C25ECDA2300B02D4A /* tripcommon.pb.cc */; };
		C1B3013F25ECE66D00B02D4A /* proto_conversions.cc in Sources */ = {isa = PBXBuildFile; fileRef = C1B3010325ECE26000B02D4A /* proto_conversions.cc */; };
		C1B3014125ECE67000B02D4A /* worker.cc in Sources */ = {isa = PBXBuildFile; fileRef = C1EE536A25DBC7E800F4C8D3 /* worker.cc */; };
		C1B3014325ECE67500B02D4A /* verbal_text_formatter_factory.cc in Sources */ = {isa = PBXBuildFile; fileRef = C1B9B91A25DBC210001B4BFB /* verbal_text_formatter_factory.cc */; };
		C1B3014425ECE67500B02D4A /* streetnames_us.cc in Sources */ = {isa = PBXBuildFile; fileRef = C1B9B91225DBC210001B4BFB /* streetnames_us.cc */; };
		C1B3014525ECE67500B02D4A /* datetime.cc in Sources */ = {isa = PBXBuildFile; fileRef = C1B9B90925DBC210001B4BFB /* datetime.cc */; };
		C1B3014625ECE67500B02D4A /* graphtile.cc in Sources */ = {isa = PBXBuildFile; fileRef = C1B9B91425DBC210001B4BFB /* graphtile.cc */; };
		C1B3014725ECE67500B02D4A /* streetnames_factory.cc in Sources */ = {isa = PBXBuildFile; fileRef = C1B9B93525DBC210001B4BFB /* streetnames_factory.cc */; };
		C1B3014825ECE67500B02D4A /* streetnames.cc in Sources */ = {isa = PBXBuildFile; fileRef = C1B9B92C25DBC210001B4BFB /* streetnames.cc */; };
		C1B3014925ECE67500B02D4A /* turn.cc in Sources */ = {isa = PBXBuildFile; fileRef = C1B9B94425DBC210001B4BFB /* turn.cc */; };
		C1B3014A25ECE67500B02D4A /* transittransfer.cc in Sources */ = {isa = PBXBuildFile; fileRef = C1B9B93625DBC210001B4BFB /* transittransfer.cc */; };
		C1B3014B25ECE67500B02D4A /* verbal_text_formatter.cc in Sources */ = {isa = PBXBuildFile; fileRef = C1B9B91825DBC210001B4BFB /* verbal_text_formatter.cc */; };
		C1B3014C25ECE67500B02D4A /* graphid.cc in Sources */ = {isa = PBXBuildFile; fileRef = C1B9B93825DBC210001B4BFB /* graphid.cc */; };
		C1B3014D25ECE67500B02D4A /* transitdeparture.cc in Sources */ = {isa = PBXBuildFile; fileRef = C1B9B92125DBC210001B4BFB /* transitdeparture.cc */; };
		C1B3014E25ECE67500B02D4A /* graphreader.cc in Sources */ = {isa = PBXBuildFile; fileRef = C1B9B94C25DBC210001B4BFB /* graphreader.cc */; };
		C1B3014F25ECE67500B02D4A /* verbal_text_formatter_us_tx.cc in Sources */ = {isa = PBXBuildFile; fileRef = C1B9B93425DBC210001B4BFB /* verbal_text_formatter_us_tx.cc */; };
		C1B3015025ECE67500B02D4A /* graphtileheader.cc in Sources */ = {isa = PBXBuildFile; fileRef = C1B9B91625DBC210001B4BFB /* graphtileheader.cc */; };
		C1B3015125ECE67500B02D4A /* laneconnectivity.cc in Sources */ = {isa = PBXBuildFile; fileRef = C1B9B92825DBC210001B4BFB /* laneconnectivity.cc */; };
		C1B3015225ECE67500B02D4A /* merge.cc in Sources */ = {isa = PBXBuildFile; fileRef = C1B9B93E25DBC210001B4BFB /* merge.cc */; };
		C1B3015325ECE67500B02D4A /* pathlocation.cc in Sources */ = {isa = PBXBuildFile; fileRef = C1B9B91025DBC210001B4BFB /* pathlocation.cc */; };
		C1B3015425ECE67500B02D4A /* verbal_text_formatter_us_co.cc in Sources */ = {isa = PBXBuildFile; fileRef = C1B9B93D25DBC210001B4BFB /* verbal_text_formatter_us_co.cc */; };
		C1B3015525ECE67500B02D4A /* compression_utils.cc in Sources */ = {isa = PBXBuildFile; fileRef = C1B9B93225DBC210001B4BFB /* compression_utils.cc */; };
		C1B3015625ECE67500B02D4A /* connectivity_map.cc in Sources */ = {isa = PBXBuildFile; fileRef = C1B9B95025DBC210001B4BFB /* connectivity_map.cc */; };
		C1B3015725ECE67500B02D4A /* directededge.cc in Sources */ = {isa = PBXBuildFile; fileRef = C1B9B91E25DBC210001B4BFB /* directededge.cc */; };
		C1B3015825ECE67500B02D4A /* predictedspeeds.cc in Sources */ = {isa = PBXBuildFile; fileRef = C1B300E625ECE0B400B02D4A /* predictedspeeds.cc */; };
		C1B3015925ECE67500B02D4A /* edgeinfo.cc in Sources */ = {isa = PBXBuildFile; fileRef = C1B9B94525DBC210001B4BFB /* edgeinfo.cc */; };
		C1B3015A25ECE67500B02D4A /* location.cc in Sources */ = {isa = PBXBuildFile; fileRef = C1B9B92025DBC210001B4BFB /* location.cc */; };
		C1B3015B25ECE67500B02D4A /* streetname.cc in Sources */ = {isa = PBXBuildFile; fileRef = C1B9B92D25DBC210001B4BFB /* streetname.cc */; };
		C1B3015C25ECE67500B02D4A /* transitschedule.cc in Sources */ = {isa = PBXBuildFile; fileRef = C1B9B94825DBC210001B4BFB /* transitschedule.cc */; };
		C1B3015D25ECE67500B02D4A /* edgetracker.cc in Sources */ = {isa = PBXBuildFile; fileRef = C1B9B93B25DBC210001B4BFB /* edgetracker.cc */; };
		C1B3015E25ECE67500B02D4A /* tilehierarchy.cc in Sources */ = {isa = PBXBuildFile; fileRef = C1B9B93025DBC210001B4BFB /* tilehierarchy.cc */; };
		C1B3015F25ECE67500B02D4A /* curler.cc in Sources */ = {isa = PBXBuildFile; fileRef = C1B9B93925DBC210001B4BFB /* curler.cc */; };
		C1B3016025ECE67500B02D4A /* nodeinfo.cc in Sources */ = {isa = PBXBuildFile; fileRef = C1B9B93325DBC210001B4BFB /* nodeinfo.cc */; };
		C1B3016125ECE67500B02D4A /* accessrestriction.cc in Sources */ = {isa = PBXBuildFile; fileRef = C1B9B92E25DBC210001B4BFB /* accessrestriction.cc */; };
		C1B3016225ECE67500B02D4A /* admin.cc in Sources */ = {isa = PBXBuildFile; fileRef = C1B9B91D25DBC210001B4BFB /* admin.cc */; };
		C1B3016325ECE67500B02D4A /* verbal_text_formatter_us.cc in Sources */ = {isa = PBXBuildFile; fileRef = C1B9B90C25DBC210001B4BFB /* verbal_text_formatter_us.cc */; };
		C1B3016425ECE67500B02D4A /* streetname_us.cc in Sources */ = {isa = PBXBuildFile; fileRef = C1B9B92B25DBC210001B4BFB /* streetname_us.cc */; };
		C1B3016525ECE67500B02D4A /* transitroute.cc in Sources */ = {isa = PBXBuildFile; fileRef = C1B9B92925DBC210001B4BFB /* transitroute.cc */; };
		C1B3016725ECE67B00B02D4A /* height_action.cc in Sources */ = {isa = PBXBuildFile; fileRef = C1B9B8F425DBC210001B4BFB /* height_action.cc */; };
		C1B3016825ECE67B00B02D4A /* node_search.cc in Sources */ = {isa = PBXBuildFile; fileRef = C1B9B8FA25DBC210001B4BFB /* node_search.cc */; };
		C1B3016925ECE67B00B02D4A /* locate_action.cc in Sources */ = {isa = PBXBuildFile; fileRef = C1B9B90625DBC210001B4BFB /* locate_action.cc */; };
		C1B3016A25ECE67B00B02D4A /* isochrone_action.cc in Sources */ = {isa = PBXBuildFile; fileRef = C1B9B8FB25DBC210001B4BFB /* isochrone_action.cc */; };
		C1B3016B25ECE67B00B02D4A /* matrix_action.cc in Sources */ = {isa = PBXBuildFile; fileRef = C1B9B8F325DBC210001B4BFB /* matrix_action.cc */; };
		C1B3016C25ECE67B00B02D4A /* reach.cc in Sources */ = {isa = PBXBuildFile; fileRef = C1B300E325ECE09600B02D4A /* reach.cc */; };
		C1B3016D25ECE67B00B02D4A /* route_action.cc in Sources */ = {isa = PBXBuildFile; fileRef = C1B9B90425DBC210001B4BFB /* route_action.cc */; };
		C1B3016E25ECE67B00B02D4A /* worker.cc in Sources */ = {isa = PBXBuildFile; fileRef = C1B9B90325DBC210001B4BFB /* worker.cc */; };
		C1B3016F25ECE67B00B02D4A /* search.cc in Sources */ = {isa = PBXBuildFile; fileRef = C1B9B8FD25DBC210001B4BFB /* search.cc */; };
		C1B3017025ECE67B00B02D4A /* transit_available_action.cc in Sources */ = {isa = PBXBuildFile; fileRef = C1B9B8F625DBC210001B4BFB /* transit_available_action.cc */; };
		C1B3017125ECE67B00B02D4A /* trace_route_action.cc in Sources */ = {isa = PBXBuildFile; fileRef = C1B9B8F725DBC210001B4BFB /* trace_route_action.cc */; };
		C1B3017325ECE67F00B02D4A /* match_route.cc in Sources */ = {isa = PBXBuildFile; fileRef = C1B9B96B25DBC210001B4BFB /* match_route.cc */; };
		C1B3017425ECE67F00B02D4A /* valhalla_run_map_match.cc in Sources */ = {isa = PBXBuildFile; fileRef = C1B9B95E25DBC210001B4BFB /* valhalla_run_map_match.cc */; };
		C1B3017525ECE67F00B02D4A /* map_matcher_factory.cc in Sources */ = {isa = PBXBuildFile; fileRef = C1B9B95C25DBC210001B4BFB /* map_matcher_factory.cc */; };
		C1B3017625ECE67F00B02D4A /* topk_search.cc in Sources */ = {isa = PBXBuildFile; fileRef = C1B9B95825DBC210001B4BFB /* topk_search.cc */; };
		C1B3017725ECE67F00B02D4A /* viterbi_search.cc in Sources */ = {isa = PBXBuildFile; fileRef = C1B9B96425DBC210001B4BFB /* viterbi_search.cc */; };
		C1B3017825ECE67F00B02D4A /* config.cc in Sources */ = {isa = PBXBuildFile; fileRef = C1B300EA25ECE0C100B02D4A /* config.cc */; };
		C1B3017925ECE67F00B02D4A /* map_matcher.cc in Sources */ = {isa = PBXBuildFile; fileRef = C1B9B95B25DBC210001B4BFB /* map_matcher.cc */; };
		C1B3017A25ECE67F00B02D4A /* candidate_search.cc in Sources */ = {isa = PBXBuildFile; fileRef = C1B9B96925DBC210001B4BFB /* candidate_search.cc */; };
		C1B3017B25ECE67F00B02D4A /* transition_cost_model.cc in Sources */ = {isa = PBXBuildFile; fileRef = C1B9B96225DBC210001B4BFB /* transition_cost_model.cc */; };
		C1B3017C25ECE67F00B02D4A /* routing.cc in Sources */ = {isa = PBXBuildFile; fileRef = C1B9B96025DBC210001B4BFB /* routing.cc */; };
		C1B3017E25ECE68400B02D4A /* linesegment2.cc in Sources */ = {isa = PBXBuildFile; fileRef = C1B9B9A525DBC210001B4BFB /* linesegment2.cc */; };
		C1B3017F25ECE68400B02D4A /* tiles.cc in Sources */ = {isa = PBXBuildFile; fileRef = C1B9B9A825DBC210001B4BFB /* tiles.cc */; };
		C1B3018025ECE68400B02D4A /* obb2.cc in Sources */ = {isa = PBXBuildFile; fileRef = C1B9B9A125DBC210001B4BFB /* obb2.cc */; };
		C1B3018125ECE68400B02D4A /* pointll.cc in Sources */ = {isa = PBXBuildFile; fileRef = C1B9B99C25DBC210001B4BFB /* pointll.cc */; };
		C1B3018225ECE68400B02D4A /* logging.cc in Sources */ = {isa = PBXBuildFile; fileRef = C1B9B9AE25DBC210001B4BFB /* logging.cc */; };
		C1B3018325ECE68400B02D4A /* point2.cc in Sources */ = {isa = PBXBuildFile; fileRef = C1B9B9A925DBC210001B4BFB /* point2.cc */; };
		C1B3018425ECE68400B02D4A /* ellipse.cc in Sources */ = {isa = PBXBuildFile; fileRef = C1B9B99B25DBC210001B4BFB /* ellipse.cc */; };
		C1B3018525ECE68400B02D4A /* polyline2.cc in Sources */ = {isa = PBXBuildFile; fileRef = C1B9B9AF25DBC210001B4BFB /* polyline2.cc */; };
		C1B3018625ECE68400B02D4A /* util.cc in Sources */ = {isa = PBXBuildFile; fileRef = C1B9B9A725DBC210001B4BFB /* util.cc */; };
		C1B3018725ECE68400B02D4A /* aabb2.cc in Sources */ = {isa = PBXBuildFile; fileRef = C1B9B9A225DBC210001B4BFB /* aabb2.cc */; };
		C1B3018925ECE68900B02D4A /* maneuversbuilder.cc in Sources */ = {isa = PBXBuildFile; fileRef = C1B9B8DB25DBC210001B4BFB /* maneuversbuilder.cc */; };
		C1B3018A25ECE68900B02D4A /* narrativebuilder.cc in Sources */ = {isa = PBXBuildFile; fileRef = C1B9B8EE25DBC210001B4BFB /* narrativebuilder.cc */; };
		C1B3018B25ECE68900B02D4A /* worker.cc in Sources */ = {isa = PBXBuildFile; fileRef = C1B9B8EC25DBC210001B4BFB /* worker.cc */; };
		C1B3018C25ECE68900B02D4A /* enhancedtrippath.cc in Sources */ = {isa = PBXBuildFile; fileRef = C1B9B8F125DBC210001B4BFB /* enhancedtrippath.cc */; };
		C1B3018D25ECE68900B02D4A /* narrative_builder_factory.cc in Sources */ = {isa = PBXBuildFile; fileRef = C1B9B8D925DBC210001B4BFB /* narrative_builder_factory.cc */; };
		C1B3018E25ECE68900B02D4A /* signs.cc in Sources */ = {isa = PBXBuildFile; fileRef = C1B9B8F025DBC210001B4BFB /* signs.cc */; };
		C1B3018F25ECE68900B02D4A /* maneuver.cc in Sources */ = {isa = PBXBuildFile; fileRef = C1B9B8E925DBC210001B4BFB /* maneuver.cc */; };
		C1B3019025ECE68900B02D4A /* transitrouteinfo.cc in Sources */ = {isa = PBXBuildFile; fileRef = C1B9B8EB25DBC210001B4BFB /* transitrouteinfo.cc */; };
		C1B3019125ECE68900B02D4A /* directionsbuilder.cc in Sources */ = {isa = PBXBuildFile; fileRef = C1B9B8E025DBC210001B4BFB /* directionsbuilder.cc */; };
		C1B3019225ECE68900B02D4A /* narrative_dictionary.cc in Sources */ = {isa = PBXBuildFile; fileRef = C1B9B8EA25DBC210001B4BFB /* narrative_dictionary.cc */; };
		C1B3019325ECE68900B02D4A /* sign.cc in Sources */ = {isa = PBXBuildFile; fileRef = C1B9B8DA25DBC210001B4BFB /* sign.cc */; };
		C1B3019425ECE68900B02D4A /* util.cc in Sources */ = {isa = PBXBuildFile; fileRef = C1B9B8E125DBC210001B4BFB /* util.cc */; };
		C1B3019625ECE68E00B02D4A /* autocost.cc in Sources */ = {isa = PBXBuildFile; fileRef = C1B9B8B825DBC210001B4BFB /* autocost.cc */; };
		C1B3019725ECE68E00B02D4A /* recost.cc in Sources */ = {isa = PBXBuildFile; fileRef = C1B300EE25ECE0DD00B02D4A /* recost.cc */; };
		C1B3019825ECE68E00B02D4A /* motorcyclecost.cc in Sources */ = {isa = PBXBuildFile; fileRef = C1B9B8BF25DBC210001B4BFB /* motorcyclecost.cc */; };
		C1B3019925ECE68E00B02D4A /* hierarchylimits.cc in Sources */ = {isa = PBXBuildFile; fileRef = C1B300EF25ECE0DD00B02D4A /* hierarchylimits.cc */; };
		C1B3019A25ECE68E00B02D4A /* motorscootercost.cc in Sources */ = {isa = PBXBuildFile; fileRef = C1B9B8B425DBC210001B4BFB /* motorscootercost.cc */; };
		C1B3019B25ECE68E00B02D4A /* nocost.cc in Sources */ = {isa = PBXBuildFile; fileRef = C1B300ED25ECE0DD00B02D4A /* nocost.cc */; };
		C1B3019C25ECE68E00B02D4A /* transitcost.cc in Sources */ = {isa = PBXBuildFile; fileRef = C1B9B8BC25DBC210001B4BFB /* transitcost.cc */; };
		C1B3019D25ECE68E00B02D4A /* pedestriancost.cc in Sources */ = {isa = PBXBuildFile; fileRef = C1B9B8B225DBC210001B4BFB /* pedestriancost.cc */; };
		C1B3019E25ECE68E00B02D4A /* dynamiccost.cc in Sources */ = {isa = PBXBuildFile; fileRef = C1B9B8BB25DBC210001B4BFB /* dynamiccost.cc */; };
		C1B3019F25ECE68E00B02D4A /* bicyclecost.cc in Sources */ = {isa = PBXBuildFile; fileRef = C1B9B8BA25DBC210001B4BFB /* bicyclecost.cc */; };
		C1B301A025ECE68E00B02D4A /* truckcost.cc in Sources */ = {isa = PBXBuildFile; fileRef = C1B9B8C125DBC210001B4BFB /* truckcost.cc */; };
		C1B301A225ECE69200B02D4A /* sample.cc in Sources */ = {isa = PBXBuildFile; fileRef = C1B9B95325DBC210001B4BFB /* sample.cc */; };
		C1B301A325ECE69200B02D4A /* util.cc in Sources */ = {isa = PBXBuildFile; fileRef = C1B9B95425DBC210001B4BFB /* util.cc */; };
		C1B301A525ECE69700B02D4A /* optimizer.cc in Sources */ = {isa = PBXBuildFile; fileRef = C1B9B98225DBC210001B4BFB /* optimizer.cc */; };
		C1B301A625ECE69700B02D4A /* timedistancebssmatrix.cc in Sources */ = {isa = PBXBuildFile; fileRef = C1B300F625ECE10500B02D4A /* timedistancebssmatrix.cc */; };
		C1B301A725ECE69700B02D4A /* map_matcher.cc in Sources */ = {isa = PBXBuildFile; fileRef = C1B9B97925DBC210001B4BFB /* map_matcher.cc */; };
		C1B301A825ECE69700B02D4A /* trace_route_action.cc in Sources */ = {isa = PBXBuildFile; fileRef = C1B9B97825DBC210001B4BFB /* trace_route_action.cc */; };
		C1B301A925ECE69700B02D4A /* triplegbuilder.cc in Sources */ = {isa = PBXBuildFile; fileRef = C1B300F725ECE10500B02D4A /* triplegbuilder.cc */; };
		C1B301AA25ECE69700B02D4A /* costmatrix.cc in Sources */ = {isa = PBXBuildFile; fileRef = C1B9B99625DBC210001B4BFB /* costmatrix.cc */; };
		C1B301AB25ECE69700B02D4A /* matrix_action.cc in Sources */ = {isa = PBXBuildFile; fileRef = C1B9B97025DBC210001B4BFB /* matrix_action.cc */; };
		C1B301AC25ECE69700B02D4A /* route_matcher.cc in Sources */ = {isa = PBXBuildFile; fileRef = C1B9B97225DBC210001B4BFB /* route_matcher.cc */; };
		C1B301AD25ECE69700B02D4A /* timedistancematrix.cc in Sources */ = {isa = PBXBuildFile; fileRef = C1B9B98E25DBC210001B4BFB /* timedistancematrix.cc */; };
		C1B301AE25ECE69700B02D4A /* multimodal.cc in Sources */ = {isa = PBXBuildFile; fileRef = C1B9B98925DBC210001B4BFB /* multimodal.cc */; };
		C1B301AF25ECE69700B02D4A /* timedep_forward.cc in Sources */ = {isa = PBXBuildFile; fileRef = C1B9B96E25DBC210001B4BFB /* timedep_forward.cc */; };
		C1B301B025ECE69700B02D4A /* worker.cc in Sources */ = {isa = PBXBuildFile; fileRef = C1B9B99325DBC210001B4BFB /* worker.cc */; };
		C1B301B125ECE69700B02D4A /* astar_bss.cc in Sources */ = {isa = PBXBuildFile; fileRef = C1B300F425ECE10500B02D4A /* astar_bss.cc */; };
		C1B301B225ECE69700B02D4A /* optimized_route_action.cc in Sources */ = {isa = PBXBuildFile; fileRef = C1B9B98C25DBC210001B4BFB /* optimized_route_action.cc */; };
		C1B301B325ECE69700B02D4A /* isochrone_action.cc in Sources */ = {isa = PBXBuildFile; fileRef = C1B9B98025DBC210001B4BFB /* isochrone_action.cc */; };
		C1B301B425ECE69700B02D4A /* route_action.cc in Sources */ = {isa = PBXBuildFile; fileRef = C1B9B99425DBC210001B4BFB /* route_action.cc */; };
		C1B301B525ECE69700B02D4A /* dijkstras.cc in Sources */ = {isa = PBXBuildFile; fileRef = C1B300F925ECE10500B02D4A /* dijkstras.cc */; };
		C1B301B625ECE69700B02D4A /* trace_attributes_action.cc in Sources */ = {isa = PBXBuildFile; fileRef = C1B9B97725DBC210001B4BFB /* trace_attributes_action.cc */; };
		C1B301B725ECE69700B02D4A /* isochrone.cc in Sources */ = {isa = PBXBuildFile; fileRef = C1B9B98D25DBC210001B4BFB /* isochrone.cc */; };
		C1B301B825ECE69700B02D4A /* timedep_reverse.cc in Sources */ = {isa = PBXBuildFile; fileRef = C1B9B99825DBC210001B4BFB /* timedep_reverse.cc */; };
		C1B301B925ECE69700B02D4A /* alternates.cc in Sources */ = {isa = PBXBuildFile; fileRef = C1B300F825ECE10500B02D4A /* alternates.cc */; };
		C1B301BA25ECE69700B02D4A /* centroid.cc in Sources */ = {isa = PBXBuildFile; fileRef = C1B300F525ECE10500B02D4A /* centroid.cc */; };
		C1B301BB25ECE69700B02D4A /* attributes_controller.cc in Sources */ = {isa = PBXBuildFile; fileRef = C1B9B97B25DBC210001B4BFB /* attributes_controller.cc */; };
		C1B301BC25ECE69700B02D4A /* bidirectional_astar.cc in Sources */ = {isa = PBXBuildFile; fileRef = C1B9B97525DBC210001B4BFB /* bidirectional_astar.cc */; };
		C1B301BE25ECE69C00B02D4A /* serializers.cc in Sources */ = {isa = PBXBuildFile; fileRef = C1B9B8CF25DBC210001B4BFB /* serializers.cc */; };
		C1B301BF25ECE69C00B02D4A /* matrix_serializer.cc in Sources */ = {isa = PBXBuildFile; fileRef = C1B9B8CB25DBC210001B4BFB /* matrix_serializer.cc */; };
		C1B301C025ECE69C00B02D4A /* isochrone_serializer.cc in Sources */ = {isa = PBXBuildFile; fileRef = C1B9B8C825DBC210001B4BFB /* isochrone_serializer.cc */; };
		C1B301C125ECE69C00B02D4A /* route_serializer_valhalla.cc in Sources */ = {isa = PBXBuildFile; fileRef = C1B9B8C425DBC210001B4BFB /* route_serializer_valhalla.cc */; };
		C1B301C225ECE69C00B02D4A /* transit_available_serializer.cc in Sources */ = {isa = PBXBuildFile; fileRef = C1B9B8D025DBC210001B4BFB /* transit_available_serializer.cc */; };
		C1B301C325ECE69C00B02D4A /* locate_serializer.cc in Sources */ = {isa = PBXBuildFile; fileRef = C1B9B8D325DBC210001B4BFB /* locate_serializer.cc */; };
		C1B301C425ECE69C00B02D4A /* actor.cc in Sources */ = {isa = PBXBuildFile; fileRef = C1B9B8C625DBC210001B4BFB /* actor.cc */; };
		C1B301C525ECE69C00B02D4A /* height_serializer.cc in Sources */ = {isa = PBXBuildFile; fileRef = C1B9B8C525DBC210001B4BFB /* height_serializer.cc */; };
		C1B301C625ECE69C00B02D4A /* trace_serializer.cc in Sources */ = {isa = PBXBuildFile; fileRef = C1B9B8CC25DBC210001B4BFB /* trace_serializer.cc */; };
		C1B301C725ECE69C00B02D4A /* route_serializer_osrm.cc in Sources */ = {isa = PBXBuildFile; fileRef = C1B9B8D525DBC210001B4BFB /* route_serializer_osrm.cc */; };
		C1B301C825ECE69C00B02D4A /* route_serializer.cc in Sources */ = {isa = PBXBuildFile; fileRef = C1B9B8CA25DBC210001B4BFB /* route_serializer.cc */; };
/* End PBXBuildFile section */

/* Begin PBXCopyFilesBuildPhase section */
		C1B3011825ECE59A00B02D4A /* CopyFiles */ = {
			isa = PBXCopyFilesBuildPhase;
			buildActionMask = 2147483647;
			dstPath = "include/$(PRODUCT_NAME)";
			dstSubfolderSpec = 16;
			files = (
			);
			runOnlyForDeploymentPostprocessing = 0;
		};
/* End PBXCopyFilesBuildPhase section */

/* Begin PBXFileReference section */
		C1B3007B25ECDA2200B02D4A /* info.pb.h */ = {isa = PBXFileReference; fileEncoding = 4; lastKnownFileType = sourcecode.c.h; name = info.pb.h; path = genfiles/valhalla/proto/info.pb.h; sourceTree = SOURCE_ROOT; };
		C1B3007E25ECDA2200B02D4A /* incidents.pb.h */ = {isa = PBXFileReference; fileEncoding = 4; lastKnownFileType = sourcecode.c.h; name = incidents.pb.h; path = genfiles/valhalla/proto/incidents.pb.h; sourceTree = SOURCE_ROOT; };
		C1B3007F25ECDA2200B02D4A /* directions.pb.h */ = {isa = PBXFileReference; fileEncoding = 4; lastKnownFileType = sourcecode.c.h; name = directions.pb.h; path = genfiles/valhalla/proto/directions.pb.h; sourceTree = SOURCE_ROOT; };
		C1B3008025ECDA2200B02D4A /* directions.pb.cc */ = {isa = PBXFileReference; fileEncoding = 4; lastKnownFileType = sourcecode.cpp.cpp; name = directions.pb.cc; path = genfiles/valhalla/proto/directions.pb.cc; sourceTree = SOURCE_ROOT; };
		C1B3008125ECDA2200B02D4A /* options.pb.cc */ = {isa = PBXFileReference; fileEncoding = 4; lastKnownFileType = sourcecode.cpp.cpp; name = options.pb.cc; path = genfiles/valhalla/proto/options.pb.cc; sourceTree = SOURCE_ROOT; };
		C1B3008225ECDA2200B02D4A /* trip.pb.cc */ = {isa = PBXFileReference; fileEncoding = 4; lastKnownFileType = sourcecode.cpp.cpp; name = trip.pb.cc; path = genfiles/valhalla/proto/trip.pb.cc; sourceTree = SOURCE_ROOT; };
		C1B3008325ECDA2200B02D4A /* options.pb.h */ = {isa = PBXFileReference; fileEncoding = 4; lastKnownFileType = sourcecode.c.h; name = options.pb.h; path = genfiles/valhalla/proto/options.pb.h; sourceTree = SOURCE_ROOT; };
		C1B3008525ECDA2200B02D4A /* api.pb.cc */ = {isa = PBXFileReference; fileEncoding = 4; lastKnownFileType = sourcecode.cpp.cpp; name = api.pb.cc; path = genfiles/valhalla/proto/api.pb.cc; sourceTree = SOURCE_ROOT; };
		C1B3008725ECDA2200B02D4A /* incidents.pb.cc */ = {isa = PBXFileReference; fileEncoding = 4; lastKnownFileType = sourcecode.cpp.cpp; name = incidents.pb.cc; path = genfiles/valhalla/proto/incidents.pb.cc; sourceTree = SOURCE_ROOT; };
		C1B3008825ECDA2200B02D4A /* api.pb.h */ = {isa = PBXFileReference; fileEncoding = 4; lastKnownFileType = sourcecode.c.h; name = api.pb.h; path = genfiles/valhalla/proto/api.pb.h; sourceTree = SOURCE_ROOT; };
		C1B3008B25ECDA2200B02D4A /* trip.pb.h */ = {isa = PBXFileReference; fileEncoding = 4; lastKnownFileType = sourcecode.c.h; name = trip.pb.h; path = genfiles/valhalla/proto/trip.pb.h; sourceTree = SOURCE_ROOT; };
		C1B3008C25ECDA2300B02D4A /* tripcommon.pb.cc */ = {isa = PBXFileReference; fileEncoding = 4; lastKnownFileType = sourcecode.cpp.cpp; name = tripcommon.pb.cc; path = genfiles/valhalla/proto/tripcommon.pb.cc; sourceTree = SOURCE_ROOT; };
		C1B3008D25ECDA2300B02D4A /* tripcommon.pb.h */ = {isa = PBXFileReference; fileEncoding = 4; lastKnownFileType = sourcecode.c.h; name = tripcommon.pb.h; path = genfiles/valhalla/proto/tripcommon.pb.h; sourceTree = SOURCE_ROOT; };
		C1B3008E25ECDA2300B02D4A /* info.pb.cc */ = {isa = PBXFileReference; fileEncoding = 4; lastKnownFileType = sourcecode.cpp.cpp; name = info.pb.cc; path = genfiles/valhalla/proto/info.pb.cc; sourceTree = SOURCE_ROOT; };
		C1B300D725ECDF3F00B02D4A /* micro.cpp */ = {isa = PBXFileReference; fileEncoding = 4; lastKnownFileType = sourcecode.cpp.cpp; path = micro.cpp; sourceTree = "<group>"; };
		C1B300D825ECDF3F00B02D4A /* micro.h */ = {isa = PBXFileReference; fileEncoding = 4; lastKnownFileType = sourcecode.c.h; path = micro.h; sourceTree = "<group>"; };
		C1B300DC25ECDFE800B02D4A /* Base.xcconfig */ = {isa = PBXFileReference; lastKnownFileType = text.xcconfig; path = Base.xcconfig; sourceTree = "<group>"; };
		C1B300E325ECE09600B02D4A /* reach.cc */ = {isa = PBXFileReference; fileEncoding = 4; lastKnownFileType = sourcecode.cpp.cpp; path = reach.cc; sourceTree = "<group>"; };
		C1B300E625ECE0B400B02D4A /* predictedspeeds.cc */ = {isa = PBXFileReference; fileEncoding = 4; lastKnownFileType = sourcecode.cpp.cpp; path = predictedspeeds.cc; sourceTree = "<group>"; };
		C1B300EA25ECE0C100B02D4A /* config.cc */ = {isa = PBXFileReference; fileEncoding = 4; lastKnownFileType = sourcecode.cpp.cpp; path = config.cc; sourceTree = "<group>"; };
		C1B300ED25ECE0DD00B02D4A /* nocost.cc */ = {isa = PBXFileReference; fileEncoding = 4; lastKnownFileType = sourcecode.cpp.cpp; path = nocost.cc; sourceTree = "<group>"; };
		C1B300EE25ECE0DD00B02D4A /* recost.cc */ = {isa = PBXFileReference; fileEncoding = 4; lastKnownFileType = sourcecode.cpp.cpp; path = recost.cc; sourceTree = "<group>"; };
		C1B300EF25ECE0DD00B02D4A /* hierarchylimits.cc */ = {isa = PBXFileReference; fileEncoding = 4; lastKnownFileType = sourcecode.cpp.cpp; path = hierarchylimits.cc; sourceTree = "<group>"; };
		C1B300F425ECE10500B02D4A /* astar_bss.cc */ = {isa = PBXFileReference; fileEncoding = 4; lastKnownFileType = sourcecode.cpp.cpp; path = astar_bss.cc; sourceTree = "<group>"; };
		C1B300F525ECE10500B02D4A /* centroid.cc */ = {isa = PBXFileReference; fileEncoding = 4; lastKnownFileType = sourcecode.cpp.cpp; path = centroid.cc; sourceTree = "<group>"; };
		C1B300F625ECE10500B02D4A /* timedistancebssmatrix.cc */ = {isa = PBXFileReference; fileEncoding = 4; lastKnownFileType = sourcecode.cpp.cpp; path = timedistancebssmatrix.cc; sourceTree = "<group>"; };
		C1B300F725ECE10500B02D4A /* triplegbuilder.cc */ = {isa = PBXFileReference; fileEncoding = 4; lastKnownFileType = sourcecode.cpp.cpp; path = triplegbuilder.cc; sourceTree = "<group>"; };
		C1B300F825ECE10500B02D4A /* alternates.cc */ = {isa = PBXFileReference; fileEncoding = 4; lastKnownFileType = sourcecode.cpp.cpp; path = alternates.cc; sourceTree = "<group>"; };
		C1B300F925ECE10500B02D4A /* dijkstras.cc */ = {isa = PBXFileReference; fileEncoding = 4; lastKnownFileType = sourcecode.cpp.cpp; path = dijkstras.cc; sourceTree = "<group>"; };
		C1B3010325ECE26000B02D4A /* proto_conversions.cc */ = {isa = PBXFileReference; fileEncoding = 4; lastKnownFileType = sourcecode.cpp.cpp; name = proto_conversions.cc; path = src/proto_conversions.cc; sourceTree = SOURCE_ROOT; };
		C1B3011A25ECE59A00B02D4A /* libvalhalla_micro.a */ = {isa = PBXFileReference; explicitFileType = archive.ar; includeInIndex = 0; path = libvalhalla_micro.a; sourceTree = BUILT_PRODUCTS_DIR; };
		C1B9B8B225DBC210001B4BFB /* pedestriancost.cc */ = {isa = PBXFileReference; fileEncoding = 4; lastKnownFileType = sourcecode.cpp.cpp; path = pedestriancost.cc; sourceTree = "<group>"; };
		C1B9B8B425DBC210001B4BFB /* motorscootercost.cc */ = {isa = PBXFileReference; fileEncoding = 4; lastKnownFileType = sourcecode.cpp.cpp; path = motorscootercost.cc; sourceTree = "<group>"; };
		C1B9B8B825DBC210001B4BFB /* autocost.cc */ = {isa = PBXFileReference; fileEncoding = 4; lastKnownFileType = sourcecode.cpp.cpp; path = autocost.cc; sourceTree = "<group>"; };
		C1B9B8BA25DBC210001B4BFB /* bicyclecost.cc */ = {isa = PBXFileReference; fileEncoding = 4; lastKnownFileType = sourcecode.cpp.cpp; path = bicyclecost.cc; sourceTree = "<group>"; };
		C1B9B8BB25DBC210001B4BFB /* dynamiccost.cc */ = {isa = PBXFileReference; fileEncoding = 4; lastKnownFileType = sourcecode.cpp.cpp; path = dynamiccost.cc; sourceTree = "<group>"; };
		C1B9B8BC25DBC210001B4BFB /* transitcost.cc */ = {isa = PBXFileReference; fileEncoding = 4; lastKnownFileType = sourcecode.cpp.cpp; path = transitcost.cc; sourceTree = "<group>"; };
		C1B9B8BF25DBC210001B4BFB /* motorcyclecost.cc */ = {isa = PBXFileReference; fileEncoding = 4; lastKnownFileType = sourcecode.cpp.cpp; path = motorcyclecost.cc; sourceTree = "<group>"; };
		C1B9B8C125DBC210001B4BFB /* truckcost.cc */ = {isa = PBXFileReference; fileEncoding = 4; lastKnownFileType = sourcecode.cpp.cpp; path = truckcost.cc; sourceTree = "<group>"; };
		C1B9B8C425DBC210001B4BFB /* route_serializer_valhalla.cc */ = {isa = PBXFileReference; fileEncoding = 4; lastKnownFileType = sourcecode.cpp.cpp; path = route_serializer_valhalla.cc; sourceTree = "<group>"; };
		C1B9B8C525DBC210001B4BFB /* height_serializer.cc */ = {isa = PBXFileReference; fileEncoding = 4; lastKnownFileType = sourcecode.cpp.cpp; path = height_serializer.cc; sourceTree = "<group>"; };
		C1B9B8C625DBC210001B4BFB /* actor.cc */ = {isa = PBXFileReference; fileEncoding = 4; lastKnownFileType = sourcecode.cpp.cpp; path = actor.cc; sourceTree = "<group>"; };
		C1B9B8C825DBC210001B4BFB /* isochrone_serializer.cc */ = {isa = PBXFileReference; fileEncoding = 4; lastKnownFileType = sourcecode.cpp.cpp; path = isochrone_serializer.cc; sourceTree = "<group>"; };
		C1B9B8CA25DBC210001B4BFB /* route_serializer.cc */ = {isa = PBXFileReference; fileEncoding = 4; lastKnownFileType = sourcecode.cpp.cpp; path = route_serializer.cc; sourceTree = "<group>"; };
		C1B9B8CB25DBC210001B4BFB /* matrix_serializer.cc */ = {isa = PBXFileReference; fileEncoding = 4; lastKnownFileType = sourcecode.cpp.cpp; path = matrix_serializer.cc; sourceTree = "<group>"; };
		C1B9B8CC25DBC210001B4BFB /* trace_serializer.cc */ = {isa = PBXFileReference; fileEncoding = 4; lastKnownFileType = sourcecode.cpp.cpp; path = trace_serializer.cc; sourceTree = "<group>"; };
		C1B9B8CF25DBC210001B4BFB /* serializers.cc */ = {isa = PBXFileReference; fileEncoding = 4; lastKnownFileType = sourcecode.cpp.cpp; path = serializers.cc; sourceTree = "<group>"; };
		C1B9B8D025DBC210001B4BFB /* transit_available_serializer.cc */ = {isa = PBXFileReference; fileEncoding = 4; lastKnownFileType = sourcecode.cpp.cpp; path = transit_available_serializer.cc; sourceTree = "<group>"; };
		C1B9B8D325DBC210001B4BFB /* locate_serializer.cc */ = {isa = PBXFileReference; fileEncoding = 4; lastKnownFileType = sourcecode.cpp.cpp; path = locate_serializer.cc; sourceTree = "<group>"; };
		C1B9B8D525DBC210001B4BFB /* route_serializer_osrm.cc */ = {isa = PBXFileReference; fileEncoding = 4; lastKnownFileType = sourcecode.cpp.cpp; path = route_serializer_osrm.cc; sourceTree = "<group>"; };
		C1B9B8D925DBC210001B4BFB /* narrative_builder_factory.cc */ = {isa = PBXFileReference; fileEncoding = 4; lastKnownFileType = sourcecode.cpp.cpp; path = narrative_builder_factory.cc; sourceTree = "<group>"; };
		C1B9B8DA25DBC210001B4BFB /* sign.cc */ = {isa = PBXFileReference; fileEncoding = 4; lastKnownFileType = sourcecode.cpp.cpp; path = sign.cc; sourceTree = "<group>"; };
		C1B9B8DB25DBC210001B4BFB /* maneuversbuilder.cc */ = {isa = PBXFileReference; fileEncoding = 4; lastKnownFileType = sourcecode.cpp.cpp; path = maneuversbuilder.cc; sourceTree = "<group>"; };
		C1B9B8E025DBC210001B4BFB /* directionsbuilder.cc */ = {isa = PBXFileReference; fileEncoding = 4; lastKnownFileType = sourcecode.cpp.cpp; path = directionsbuilder.cc; sourceTree = "<group>"; };
		C1B9B8E125DBC210001B4BFB /* util.cc */ = {isa = PBXFileReference; fileEncoding = 4; lastKnownFileType = sourcecode.cpp.cpp; path = util.cc; sourceTree = "<group>"; };
		C1B9B8E925DBC210001B4BFB /* maneuver.cc */ = {isa = PBXFileReference; fileEncoding = 4; lastKnownFileType = sourcecode.cpp.cpp; path = maneuver.cc; sourceTree = "<group>"; };
		C1B9B8EA25DBC210001B4BFB /* narrative_dictionary.cc */ = {isa = PBXFileReference; fileEncoding = 4; lastKnownFileType = sourcecode.cpp.cpp; path = narrative_dictionary.cc; sourceTree = "<group>"; };
		C1B9B8EB25DBC210001B4BFB /* transitrouteinfo.cc */ = {isa = PBXFileReference; fileEncoding = 4; lastKnownFileType = sourcecode.cpp.cpp; path = transitrouteinfo.cc; sourceTree = "<group>"; };
		C1B9B8EC25DBC210001B4BFB /* worker.cc */ = {isa = PBXFileReference; fileEncoding = 4; lastKnownFileType = sourcecode.cpp.cpp; path = worker.cc; sourceTree = "<group>"; };
		C1B9B8EE25DBC210001B4BFB /* narrativebuilder.cc */ = {isa = PBXFileReference; fileEncoding = 4; lastKnownFileType = sourcecode.cpp.cpp; path = narrativebuilder.cc; sourceTree = "<group>"; };
		C1B9B8F025DBC210001B4BFB /* signs.cc */ = {isa = PBXFileReference; fileEncoding = 4; lastKnownFileType = sourcecode.cpp.cpp; path = signs.cc; sourceTree = "<group>"; };
		C1B9B8F125DBC210001B4BFB /* enhancedtrippath.cc */ = {isa = PBXFileReference; fileEncoding = 4; lastKnownFileType = sourcecode.cpp.cpp; path = enhancedtrippath.cc; sourceTree = "<group>"; };
		C1B9B8F325DBC210001B4BFB /* matrix_action.cc */ = {isa = PBXFileReference; fileEncoding = 4; lastKnownFileType = sourcecode.cpp.cpp; path = matrix_action.cc; sourceTree = "<group>"; };
		C1B9B8F425DBC210001B4BFB /* height_action.cc */ = {isa = PBXFileReference; fileEncoding = 4; lastKnownFileType = sourcecode.cpp.cpp; path = height_action.cc; sourceTree = "<group>"; };
		C1B9B8F625DBC210001B4BFB /* transit_available_action.cc */ = {isa = PBXFileReference; fileEncoding = 4; lastKnownFileType = sourcecode.cpp.cpp; path = transit_available_action.cc; sourceTree = "<group>"; };
		C1B9B8F725DBC210001B4BFB /* trace_route_action.cc */ = {isa = PBXFileReference; fileEncoding = 4; lastKnownFileType = sourcecode.cpp.cpp; path = trace_route_action.cc; sourceTree = "<group>"; };
		C1B9B8FA25DBC210001B4BFB /* node_search.cc */ = {isa = PBXFileReference; fileEncoding = 4; lastKnownFileType = sourcecode.cpp.cpp; path = node_search.cc; sourceTree = "<group>"; };
		C1B9B8FB25DBC210001B4BFB /* isochrone_action.cc */ = {isa = PBXFileReference; fileEncoding = 4; lastKnownFileType = sourcecode.cpp.cpp; path = isochrone_action.cc; sourceTree = "<group>"; };
		C1B9B8FD25DBC210001B4BFB /* search.cc */ = {isa = PBXFileReference; fileEncoding = 4; lastKnownFileType = sourcecode.cpp.cpp; path = search.cc; sourceTree = "<group>"; };
		C1B9B90325DBC210001B4BFB /* worker.cc */ = {isa = PBXFileReference; fileEncoding = 4; lastKnownFileType = sourcecode.cpp.cpp; path = worker.cc; sourceTree = "<group>"; };
		C1B9B90425DBC210001B4BFB /* route_action.cc */ = {isa = PBXFileReference; fileEncoding = 4; lastKnownFileType = sourcecode.cpp.cpp; path = route_action.cc; sourceTree = "<group>"; };
		C1B9B90625DBC210001B4BFB /* locate_action.cc */ = {isa = PBXFileReference; fileEncoding = 4; lastKnownFileType = sourcecode.cpp.cpp; path = locate_action.cc; sourceTree = "<group>"; };
		C1B9B90925DBC210001B4BFB /* datetime.cc */ = {isa = PBXFileReference; fileEncoding = 4; lastKnownFileType = sourcecode.cpp.cpp; path = datetime.cc; sourceTree = "<group>"; };
		C1B9B90C25DBC210001B4BFB /* verbal_text_formatter_us.cc */ = {isa = PBXFileReference; fileEncoding = 4; lastKnownFileType = sourcecode.cpp.cpp; path = verbal_text_formatter_us.cc; sourceTree = "<group>"; };
		C1B9B91025DBC210001B4BFB /* pathlocation.cc */ = {isa = PBXFileReference; fileEncoding = 4; lastKnownFileType = sourcecode.cpp.cpp; path = pathlocation.cc; sourceTree = "<group>"; };
		C1B9B91225DBC210001B4BFB /* streetnames_us.cc */ = {isa = PBXFileReference; fileEncoding = 4; lastKnownFileType = sourcecode.cpp.cpp; path = streetnames_us.cc; sourceTree = "<group>"; };
		C1B9B91425DBC210001B4BFB /* graphtile.cc */ = {isa = PBXFileReference; fileEncoding = 4; lastKnownFileType = sourcecode.cpp.cpp; path = graphtile.cc; sourceTree = "<group>"; };
		C1B9B91625DBC210001B4BFB /* graphtileheader.cc */ = {isa = PBXFileReference; fileEncoding = 4; lastKnownFileType = sourcecode.cpp.cpp; path = graphtileheader.cc; sourceTree = "<group>"; };
		C1B9B91825DBC210001B4BFB /* verbal_text_formatter.cc */ = {isa = PBXFileReference; fileEncoding = 4; lastKnownFileType = sourcecode.cpp.cpp; path = verbal_text_formatter.cc; sourceTree = "<group>"; };
		C1B9B91A25DBC210001B4BFB /* verbal_text_formatter_factory.cc */ = {isa = PBXFileReference; fileEncoding = 4; lastKnownFileType = sourcecode.cpp.cpp; path = verbal_text_formatter_factory.cc; sourceTree = "<group>"; };
		C1B9B91D25DBC210001B4BFB /* admin.cc */ = {isa = PBXFileReference; fileEncoding = 4; lastKnownFileType = sourcecode.cpp.cpp; path = admin.cc; sourceTree = "<group>"; };
		C1B9B91E25DBC210001B4BFB /* directededge.cc */ = {isa = PBXFileReference; fileEncoding = 4; lastKnownFileType = sourcecode.cpp.cpp; path = directededge.cc; sourceTree = "<group>"; };
		C1B9B92025DBC210001B4BFB /* location.cc */ = {isa = PBXFileReference; fileEncoding = 4; lastKnownFileType = sourcecode.cpp.cpp; path = location.cc; sourceTree = "<group>"; };
		C1B9B92125DBC210001B4BFB /* transitdeparture.cc */ = {isa = PBXFileReference; fileEncoding = 4; lastKnownFileType = sourcecode.cpp.cpp; path = transitdeparture.cc; sourceTree = "<group>"; };
		C1B9B92825DBC210001B4BFB /* laneconnectivity.cc */ = {isa = PBXFileReference; fileEncoding = 4; lastKnownFileType = sourcecode.cpp.cpp; path = laneconnectivity.cc; sourceTree = "<group>"; };
		C1B9B92925DBC210001B4BFB /* transitroute.cc */ = {isa = PBXFileReference; fileEncoding = 4; lastKnownFileType = sourcecode.cpp.cpp; path = transitroute.cc; sourceTree = "<group>"; };
		C1B9B92B25DBC210001B4BFB /* streetname_us.cc */ = {isa = PBXFileReference; fileEncoding = 4; lastKnownFileType = sourcecode.cpp.cpp; path = streetname_us.cc; sourceTree = "<group>"; };
		C1B9B92C25DBC210001B4BFB /* streetnames.cc */ = {isa = PBXFileReference; fileEncoding = 4; lastKnownFileType = sourcecode.cpp.cpp; path = streetnames.cc; sourceTree = "<group>"; };
		C1B9B92D25DBC210001B4BFB /* streetname.cc */ = {isa = PBXFileReference; fileEncoding = 4; lastKnownFileType = sourcecode.cpp.cpp; path = streetname.cc; sourceTree = "<group>"; };
		C1B9B92E25DBC210001B4BFB /* accessrestriction.cc */ = {isa = PBXFileReference; fileEncoding = 4; lastKnownFileType = sourcecode.cpp.cpp; path = accessrestriction.cc; sourceTree = "<group>"; };
		C1B9B93025DBC210001B4BFB /* tilehierarchy.cc */ = {isa = PBXFileReference; fileEncoding = 4; lastKnownFileType = sourcecode.cpp.cpp; path = tilehierarchy.cc; sourceTree = "<group>"; };
		C1B9B93225DBC210001B4BFB /* compression_utils.cc */ = {isa = PBXFileReference; fileEncoding = 4; lastKnownFileType = sourcecode.cpp.cpp; path = compression_utils.cc; sourceTree = "<group>"; };
		C1B9B93325DBC210001B4BFB /* nodeinfo.cc */ = {isa = PBXFileReference; fileEncoding = 4; lastKnownFileType = sourcecode.cpp.cpp; path = nodeinfo.cc; sourceTree = "<group>"; };
		C1B9B93425DBC210001B4BFB /* verbal_text_formatter_us_tx.cc */ = {isa = PBXFileReference; fileEncoding = 4; lastKnownFileType = sourcecode.cpp.cpp; path = verbal_text_formatter_us_tx.cc; sourceTree = "<group>"; };
		C1B9B93525DBC210001B4BFB /* streetnames_factory.cc */ = {isa = PBXFileReference; fileEncoding = 4; lastKnownFileType = sourcecode.cpp.cpp; path = streetnames_factory.cc; sourceTree = "<group>"; };
		C1B9B93625DBC210001B4BFB /* transittransfer.cc */ = {isa = PBXFileReference; fileEncoding = 4; lastKnownFileType = sourcecode.cpp.cpp; path = transittransfer.cc; sourceTree = "<group>"; };
		C1B9B93825DBC210001B4BFB /* graphid.cc */ = {isa = PBXFileReference; fileEncoding = 4; lastKnownFileType = sourcecode.cpp.cpp; path = graphid.cc; sourceTree = "<group>"; };
		C1B9B93925DBC210001B4BFB /* curler.cc */ = {isa = PBXFileReference; fileEncoding = 4; lastKnownFileType = sourcecode.cpp.cpp; path = curler.cc; sourceTree = "<group>"; };
		C1B9B93B25DBC210001B4BFB /* edgetracker.cc */ = {isa = PBXFileReference; fileEncoding = 4; lastKnownFileType = sourcecode.cpp.cpp; path = edgetracker.cc; sourceTree = "<group>"; };
		C1B9B93D25DBC210001B4BFB /* verbal_text_formatter_us_co.cc */ = {isa = PBXFileReference; fileEncoding = 4; lastKnownFileType = sourcecode.cpp.cpp; path = verbal_text_formatter_us_co.cc; sourceTree = "<group>"; };
		C1B9B93E25DBC210001B4BFB /* merge.cc */ = {isa = PBXFileReference; fileEncoding = 4; lastKnownFileType = sourcecode.cpp.cpp; path = merge.cc; sourceTree = "<group>"; };
		C1B9B94425DBC210001B4BFB /* turn.cc */ = {isa = PBXFileReference; fileEncoding = 4; lastKnownFileType = sourcecode.cpp.cpp; path = turn.cc; sourceTree = "<group>"; };
		C1B9B94525DBC210001B4BFB /* edgeinfo.cc */ = {isa = PBXFileReference; fileEncoding = 4; lastKnownFileType = sourcecode.cpp.cpp; path = edgeinfo.cc; sourceTree = "<group>"; };
		C1B9B94825DBC210001B4BFB /* transitschedule.cc */ = {isa = PBXFileReference; fileEncoding = 4; lastKnownFileType = sourcecode.cpp.cpp; path = transitschedule.cc; sourceTree = "<group>"; };
		C1B9B94C25DBC210001B4BFB /* graphreader.cc */ = {isa = PBXFileReference; fileEncoding = 4; lastKnownFileType = sourcecode.cpp.cpp; path = graphreader.cc; sourceTree = "<group>"; };
		C1B9B95025DBC210001B4BFB /* connectivity_map.cc */ = {isa = PBXFileReference; fileEncoding = 4; lastKnownFileType = sourcecode.cpp.cpp; path = connectivity_map.cc; sourceTree = "<group>"; };
		C1B9B95325DBC210001B4BFB /* sample.cc */ = {isa = PBXFileReference; fileEncoding = 4; lastKnownFileType = sourcecode.cpp.cpp; path = sample.cc; sourceTree = "<group>"; };
		C1B9B95425DBC210001B4BFB /* util.cc */ = {isa = PBXFileReference; fileEncoding = 4; lastKnownFileType = sourcecode.cpp.cpp; path = util.cc; sourceTree = "<group>"; };
		C1B9B95825DBC210001B4BFB /* topk_search.cc */ = {isa = PBXFileReference; fileEncoding = 4; lastKnownFileType = sourcecode.cpp.cpp; path = topk_search.cc; sourceTree = "<group>"; };
		C1B9B95B25DBC210001B4BFB /* map_matcher.cc */ = {isa = PBXFileReference; fileEncoding = 4; lastKnownFileType = sourcecode.cpp.cpp; path = map_matcher.cc; sourceTree = "<group>"; };
		C1B9B95C25DBC210001B4BFB /* map_matcher_factory.cc */ = {isa = PBXFileReference; fileEncoding = 4; lastKnownFileType = sourcecode.cpp.cpp; path = map_matcher_factory.cc; sourceTree = "<group>"; };
		C1B9B95E25DBC210001B4BFB /* valhalla_run_map_match.cc */ = {isa = PBXFileReference; fileEncoding = 4; lastKnownFileType = sourcecode.cpp.cpp; path = valhalla_run_map_match.cc; sourceTree = "<group>"; };
		C1B9B96025DBC210001B4BFB /* routing.cc */ = {isa = PBXFileReference; fileEncoding = 4; lastKnownFileType = sourcecode.cpp.cpp; path = routing.cc; sourceTree = "<group>"; };
		C1B9B96225DBC210001B4BFB /* transition_cost_model.cc */ = {isa = PBXFileReference; fileEncoding = 4; lastKnownFileType = sourcecode.cpp.cpp; path = transition_cost_model.cc; sourceTree = "<group>"; };
		C1B9B96425DBC210001B4BFB /* viterbi_search.cc */ = {isa = PBXFileReference; fileEncoding = 4; lastKnownFileType = sourcecode.cpp.cpp; path = viterbi_search.cc; sourceTree = "<group>"; };
		C1B9B96925DBC210001B4BFB /* candidate_search.cc */ = {isa = PBXFileReference; fileEncoding = 4; lastKnownFileType = sourcecode.cpp.cpp; path = candidate_search.cc; sourceTree = "<group>"; };
		C1B9B96B25DBC210001B4BFB /* match_route.cc */ = {isa = PBXFileReference; fileEncoding = 4; lastKnownFileType = sourcecode.cpp.cpp; path = match_route.cc; sourceTree = "<group>"; };
		C1B9B96E25DBC210001B4BFB /* timedep_forward.cc */ = {isa = PBXFileReference; fileEncoding = 4; lastKnownFileType = sourcecode.cpp.cpp; path = timedep_forward.cc; sourceTree = "<group>"; };
		C1B9B97025DBC210001B4BFB /* matrix_action.cc */ = {isa = PBXFileReference; fileEncoding = 4; lastKnownFileType = sourcecode.cpp.cpp; path = matrix_action.cc; sourceTree = "<group>"; };
		C1B9B97225DBC210001B4BFB /* route_matcher.cc */ = {isa = PBXFileReference; fileEncoding = 4; lastKnownFileType = sourcecode.cpp.cpp; path = route_matcher.cc; sourceTree = "<group>"; };
		C1B9B97525DBC210001B4BFB /* bidirectional_astar.cc */ = {isa = PBXFileReference; fileEncoding = 4; lastKnownFileType = sourcecode.cpp.cpp; path = bidirectional_astar.cc; sourceTree = "<group>"; };
		C1B9B97725DBC210001B4BFB /* trace_attributes_action.cc */ = {isa = PBXFileReference; fileEncoding = 4; lastKnownFileType = sourcecode.cpp.cpp; path = trace_attributes_action.cc; sourceTree = "<group>"; };
		C1B9B97825DBC210001B4BFB /* trace_route_action.cc */ = {isa = PBXFileReference; fileEncoding = 4; lastKnownFileType = sourcecode.cpp.cpp; path = trace_route_action.cc; sourceTree = "<group>"; };
		C1B9B97925DBC210001B4BFB /* map_matcher.cc */ = {isa = PBXFileReference; fileEncoding = 4; lastKnownFileType = sourcecode.cpp.cpp; path = map_matcher.cc; sourceTree = "<group>"; };
		C1B9B97B25DBC210001B4BFB /* attributes_controller.cc */ = {isa = PBXFileReference; fileEncoding = 4; lastKnownFileType = sourcecode.cpp.cpp; path = attributes_controller.cc; sourceTree = "<group>"; };
		C1B9B98025DBC210001B4BFB /* isochrone_action.cc */ = {isa = PBXFileReference; fileEncoding = 4; lastKnownFileType = sourcecode.cpp.cpp; path = isochrone_action.cc; sourceTree = "<group>"; };
		C1B9B98225DBC210001B4BFB /* optimizer.cc */ = {isa = PBXFileReference; fileEncoding = 4; lastKnownFileType = sourcecode.cpp.cpp; path = optimizer.cc; sourceTree = "<group>"; };
		C1B9B98925DBC210001B4BFB /* multimodal.cc */ = {isa = PBXFileReference; fileEncoding = 4; lastKnownFileType = sourcecode.cpp.cpp; path = multimodal.cc; sourceTree = "<group>"; };
		C1B9B98C25DBC210001B4BFB /* optimized_route_action.cc */ = {isa = PBXFileReference; fileEncoding = 4; lastKnownFileType = sourcecode.cpp.cpp; path = optimized_route_action.cc; sourceTree = "<group>"; };
		C1B9B98D25DBC210001B4BFB /* isochrone.cc */ = {isa = PBXFileReference; fileEncoding = 4; lastKnownFileType = sourcecode.cpp.cpp; path = isochrone.cc; sourceTree = "<group>"; };
		C1B9B98E25DBC210001B4BFB /* timedistancematrix.cc */ = {isa = PBXFileReference; fileEncoding = 4; lastKnownFileType = sourcecode.cpp.cpp; path = timedistancematrix.cc; sourceTree = "<group>"; };
		C1B9B99325DBC210001B4BFB /* worker.cc */ = {isa = PBXFileReference; fileEncoding = 4; lastKnownFileType = sourcecode.cpp.cpp; path = worker.cc; sourceTree = "<group>"; };
		C1B9B99425DBC210001B4BFB /* route_action.cc */ = {isa = PBXFileReference; fileEncoding = 4; lastKnownFileType = sourcecode.cpp.cpp; path = route_action.cc; sourceTree = "<group>"; };
		C1B9B99625DBC210001B4BFB /* costmatrix.cc */ = {isa = PBXFileReference; fileEncoding = 4; lastKnownFileType = sourcecode.cpp.cpp; path = costmatrix.cc; sourceTree = "<group>"; };
		C1B9B99825DBC210001B4BFB /* timedep_reverse.cc */ = {isa = PBXFileReference; fileEncoding = 4; lastKnownFileType = sourcecode.cpp.cpp; path = timedep_reverse.cc; sourceTree = "<group>"; };
		C1B9B99B25DBC210001B4BFB /* ellipse.cc */ = {isa = PBXFileReference; fileEncoding = 4; lastKnownFileType = sourcecode.cpp.cpp; path = ellipse.cc; sourceTree = "<group>"; };
		C1B9B99C25DBC210001B4BFB /* pointll.cc */ = {isa = PBXFileReference; fileEncoding = 4; lastKnownFileType = sourcecode.cpp.cpp; path = pointll.cc; sourceTree = "<group>"; };
		C1B9B9A125DBC210001B4BFB /* obb2.cc */ = {isa = PBXFileReference; fileEncoding = 4; lastKnownFileType = sourcecode.cpp.cpp; path = obb2.cc; sourceTree = "<group>"; };
		C1B9B9A225DBC210001B4BFB /* aabb2.cc */ = {isa = PBXFileReference; fileEncoding = 4; lastKnownFileType = sourcecode.cpp.cpp; path = aabb2.cc; sourceTree = "<group>"; };
		C1B9B9A525DBC210001B4BFB /* linesegment2.cc */ = {isa = PBXFileReference; fileEncoding = 4; lastKnownFileType = sourcecode.cpp.cpp; path = linesegment2.cc; sourceTree = "<group>"; };
		C1B9B9A725DBC210001B4BFB /* util.cc */ = {isa = PBXFileReference; fileEncoding = 4; lastKnownFileType = sourcecode.cpp.cpp; path = util.cc; sourceTree = "<group>"; };
		C1B9B9A825DBC210001B4BFB /* tiles.cc */ = {isa = PBXFileReference; fileEncoding = 4; lastKnownFileType = sourcecode.cpp.cpp; path = tiles.cc; sourceTree = "<group>"; };
		C1B9B9A925DBC210001B4BFB /* point2.cc */ = {isa = PBXFileReference; fileEncoding = 4; lastKnownFileType = sourcecode.cpp.cpp; path = point2.cc; sourceTree = "<group>"; };
		C1B9B9AE25DBC210001B4BFB /* logging.cc */ = {isa = PBXFileReference; fileEncoding = 4; lastKnownFileType = sourcecode.cpp.cpp; path = logging.cc; sourceTree = "<group>"; };
		C1B9B9AF25DBC210001B4BFB /* polyline2.cc */ = {isa = PBXFileReference; fileEncoding = 4; lastKnownFileType = sourcecode.cpp.cpp; path = polyline2.cc; sourceTree = "<group>"; };
		C1B9BB2625DBC49F001B4BFB /* tz.cpp */ = {isa = PBXFileReference; fileEncoding = 4; lastKnownFileType = sourcecode.cpp.cpp; name = tz.cpp; path = third_party/date/src/tz.cpp; sourceTree = "<group>"; };
		C1EE536A25DBC7E800F4C8D3 /* worker.cc */ = {isa = PBXFileReference; fileEncoding = 4; lastKnownFileType = sourcecode.cpp.cpp; name = worker.cc; path = src/worker.cc; sourceTree = SOURCE_ROOT; };
		C1EE536D25DBC80100F4C8D3 /* ios.mm */ = {isa = PBXFileReference; fileEncoding = 4; lastKnownFileType = sourcecode.cpp.objcpp; name = ios.mm; path = third_party/date/src/ios.mm; sourceTree = "<group>"; };
/* End PBXFileReference section */

/* Begin PBXFrameworksBuildPhase section */
		C1B3011725ECE59A00B02D4A /* Frameworks */ = {
			isa = PBXFrameworksBuildPhase;
			buildActionMask = 2147483647;
			files = (
			);
			runOnlyForDeploymentPostprocessing = 0;
		};
/* End PBXFrameworksBuildPhase section */

/* Begin PBXGroup section */
		C1B9B82625DBC0F4001B4BFB = {
			isa = PBXGroup;
			children = (
				C1B300DC25ECDFE800B02D4A /* Base.xcconfig */,
				C1B300D725ECDF3F00B02D4A /* micro.cpp */,
				C1B300D825ECDF3F00B02D4A /* micro.h */,
				C1EE536D25DBC80100F4C8D3 /* ios.mm */,
				C1B9BB2625DBC49F001B4BFB /* tz.cpp */,
				C1B9BAE925DBC46C001B4BFB /* proto */,
				C1B9B83125DBC0F4001B4BFB /* valhalla */,
				C1B9B83025DBC0F4001B4BFB /* Products */,
			);
			sourceTree = "<group>";
		};
		C1B9B83025DBC0F4001B4BFB /* Products */ = {
			isa = PBXGroup;
			children = (
				C1B3011A25ECE59A00B02D4A /* libvalhalla_micro.a */,
			);
			name = Products;
			sourceTree = "<group>";
		};
		C1B9B83125DBC0F4001B4BFB /* valhalla */ = {
			isa = PBXGroup;
			children = (
				C1B3010325ECE26000B02D4A /* proto_conversions.cc */,
				C1EE536A25DBC7E800F4C8D3 /* worker.cc */,
				C1B9B90725DBC210001B4BFB /* baldr */,
				C1B9B8F225DBC210001B4BFB /* loki */,
				C1B9B95725DBC210001B4BFB /* meili */,
				C1B9B99925DBC210001B4BFB /* midgard */,
				C1B9B8D825DBC210001B4BFB /* odin */,
				C1B9B8B125DBC210001B4BFB /* sif */,
				C1B9B95125DBC210001B4BFB /* skadi */,
				C1B9B96C25DBC210001B4BFB /* thor */,
				C1B9B8C325DBC210001B4BFB /* tyr */,
			);
			path = valhalla;
			sourceTree = "<group>";
		};
		C1B9B8B125DBC210001B4BFB /* sif */ = {
			isa = PBXGroup;
			children = (
				C1B9B8B825DBC210001B4BFB /* autocost.cc */,
				C1B9B8BA25DBC210001B4BFB /* bicyclecost.cc */,
				C1B9B8BB25DBC210001B4BFB /* dynamiccost.cc */,
				C1B300EF25ECE0DD00B02D4A /* hierarchylimits.cc */,
				C1B9B8BF25DBC210001B4BFB /* motorcyclecost.cc */,
				C1B9B8B425DBC210001B4BFB /* motorscootercost.cc */,
				C1B300ED25ECE0DD00B02D4A /* nocost.cc */,
				C1B9B8B225DBC210001B4BFB /* pedestriancost.cc */,
				C1B300EE25ECE0DD00B02D4A /* recost.cc */,
				C1B9B8BC25DBC210001B4BFB /* transitcost.cc */,
				C1B9B8C125DBC210001B4BFB /* truckcost.cc */,
			);
			name = sif;
			path = src/sif;
			sourceTree = SOURCE_ROOT;
		};
		C1B9B8C325DBC210001B4BFB /* tyr */ = {
			isa = PBXGroup;
			children = (
				C1B9B8C625DBC210001B4BFB /* actor.cc */,
				C1B9B8C525DBC210001B4BFB /* height_serializer.cc */,
				C1B9B8C825DBC210001B4BFB /* isochrone_serializer.cc */,
				C1B9B8D325DBC210001B4BFB /* locate_serializer.cc */,
				C1B9B8CB25DBC210001B4BFB /* matrix_serializer.cc */,
				C1B9B8D525DBC210001B4BFB /* route_serializer_osrm.cc */,
				C1B9B8C425DBC210001B4BFB /* route_serializer_valhalla.cc */,
				C1B9B8CA25DBC210001B4BFB /* route_serializer.cc */,
				C1B9B8CF25DBC210001B4BFB /* serializers.cc */,
				C1B9B8CC25DBC210001B4BFB /* trace_serializer.cc */,
				C1B9B8D025DBC210001B4BFB /* transit_available_serializer.cc */,
			);
			name = tyr;
			path = src/tyr;
			sourceTree = SOURCE_ROOT;
		};
		C1B9B8D825DBC210001B4BFB /* odin */ = {
			isa = PBXGroup;
			children = (
				C1B9B8E025DBC210001B4BFB /* directionsbuilder.cc */,
				C1B9B8F125DBC210001B4BFB /* enhancedtrippath.cc */,
				C1B9B8E925DBC210001B4BFB /* maneuver.cc */,
				C1B9B8DB25DBC210001B4BFB /* maneuversbuilder.cc */,
				C1B9B8D925DBC210001B4BFB /* narrative_builder_factory.cc */,
				C1B9B8EA25DBC210001B4BFB /* narrative_dictionary.cc */,
				C1B9B8EE25DBC210001B4BFB /* narrativebuilder.cc */,
				C1B9B8DA25DBC210001B4BFB /* sign.cc */,
				C1B9B8F025DBC210001B4BFB /* signs.cc */,
				C1B9B8EB25DBC210001B4BFB /* transitrouteinfo.cc */,
				C1B9B8E125DBC210001B4BFB /* util.cc */,
				C1B9B8EC25DBC210001B4BFB /* worker.cc */,
			);
			name = odin;
			path = src/odin;
			sourceTree = SOURCE_ROOT;
		};
		C1B9B8F225DBC210001B4BFB /* loki */ = {
			isa = PBXGroup;
			children = (
				C1B9B8F425DBC210001B4BFB /* height_action.cc */,
				C1B9B8FB25DBC210001B4BFB /* isochrone_action.cc */,
				C1B9B90625DBC210001B4BFB /* locate_action.cc */,
				C1B9B8F325DBC210001B4BFB /* matrix_action.cc */,
				C1B9B8FA25DBC210001B4BFB /* node_search.cc */,
				C1B300E325ECE09600B02D4A /* reach.cc */,
				C1B9B90425DBC210001B4BFB /* route_action.cc */,
				C1B9B8FD25DBC210001B4BFB /* search.cc */,
				C1B9B8F725DBC210001B4BFB /* trace_route_action.cc */,
				C1B9B8F625DBC210001B4BFB /* transit_available_action.cc */,
				C1B9B90325DBC210001B4BFB /* worker.cc */,
			);
			name = loki;
			path = src/loki;
			sourceTree = SOURCE_ROOT;
		};
		C1B9B90725DBC210001B4BFB /* baldr */ = {
			isa = PBXGroup;
			children = (
				C1B9B92E25DBC210001B4BFB /* accessrestriction.cc */,
				C1B9B91D25DBC210001B4BFB /* admin.cc */,
				C1B9B93225DBC210001B4BFB /* compression_utils.cc */,
				C1B9B95025DBC210001B4BFB /* connectivity_map.cc */,
				C1B9B93925DBC210001B4BFB /* curler.cc */,
				C1B9B90925DBC210001B4BFB /* datetime.cc */,
				C1B9B91E25DBC210001B4BFB /* directededge.cc */,
				C1B9B94525DBC210001B4BFB /* edgeinfo.cc */,
				C1B9B93B25DBC210001B4BFB /* edgetracker.cc */,
				C1B9B93825DBC210001B4BFB /* graphid.cc */,
				C1B9B94C25DBC210001B4BFB /* graphreader.cc */,
				C1B9B91425DBC210001B4BFB /* graphtile.cc */,
				C1B9B91625DBC210001B4BFB /* graphtileheader.cc */,
				C1B9B92825DBC210001B4BFB /* laneconnectivity.cc */,
				C1B9B92025DBC210001B4BFB /* location.cc */,
				C1B9B93E25DBC210001B4BFB /* merge.cc */,
				C1B9B93325DBC210001B4BFB /* nodeinfo.cc */,
				C1B9B91025DBC210001B4BFB /* pathlocation.cc */,
				C1B300E625ECE0B400B02D4A /* predictedspeeds.cc */,
				C1B9B92B25DBC210001B4BFB /* streetname_us.cc */,
				C1B9B92D25DBC210001B4BFB /* streetname.cc */,
				C1B9B93525DBC210001B4BFB /* streetnames_factory.cc */,
				C1B9B91225DBC210001B4BFB /* streetnames_us.cc */,
				C1B9B92C25DBC210001B4BFB /* streetnames.cc */,
				C1B9B93025DBC210001B4BFB /* tilehierarchy.cc */,
				C1B9B92125DBC210001B4BFB /* transitdeparture.cc */,
				C1B9B92925DBC210001B4BFB /* transitroute.cc */,
				C1B9B94825DBC210001B4BFB /* transitschedule.cc */,
				C1B9B93625DBC210001B4BFB /* transittransfer.cc */,
				C1B9B94425DBC210001B4BFB /* turn.cc */,
				C1B9B91A25DBC210001B4BFB /* verbal_text_formatter_factory.cc */,
				C1B9B93D25DBC210001B4BFB /* verbal_text_formatter_us_co.cc */,
				C1B9B93425DBC210001B4BFB /* verbal_text_formatter_us_tx.cc */,
				C1B9B90C25DBC210001B4BFB /* verbal_text_formatter_us.cc */,
				C1B9B91825DBC210001B4BFB /* verbal_text_formatter.cc */,
			);
			name = baldr;
			path = src/baldr;
			sourceTree = SOURCE_ROOT;
		};
		C1B9B95125DBC210001B4BFB /* skadi */ = {
			isa = PBXGroup;
			children = (
				C1B9B95325DBC210001B4BFB /* sample.cc */,
				C1B9B95425DBC210001B4BFB /* util.cc */,
			);
			name = skadi;
			path = src/skadi;
			sourceTree = SOURCE_ROOT;
		};
		C1B9B95725DBC210001B4BFB /* meili */ = {
			isa = PBXGroup;
			children = (
				C1B9B96925DBC210001B4BFB /* candidate_search.cc */,
				C1B300EA25ECE0C100B02D4A /* config.cc */,
				C1B9B95C25DBC210001B4BFB /* map_matcher_factory.cc */,
				C1B9B95B25DBC210001B4BFB /* map_matcher.cc */,
				C1B9B96B25DBC210001B4BFB /* match_route.cc */,
				C1B9B96025DBC210001B4BFB /* routing.cc */,
				C1B9B95825DBC210001B4BFB /* topk_search.cc */,
				C1B9B96225DBC210001B4BFB /* transition_cost_model.cc */,
				C1B9B95E25DBC210001B4BFB /* valhalla_run_map_match.cc */,
				C1B9B96425DBC210001B4BFB /* viterbi_search.cc */,
			);
			name = meili;
			path = src/meili;
			sourceTree = SOURCE_ROOT;
		};
		C1B9B96C25DBC210001B4BFB /* thor */ = {
			isa = PBXGroup;
			children = (
				C1B300F825ECE10500B02D4A /* alternates.cc */,
				C1B300F425ECE10500B02D4A /* astar_bss.cc */,
				C1B9B97B25DBC210001B4BFB /* attributes_controller.cc */,
				C1B9B97525DBC210001B4BFB /* bidirectional_astar.cc */,
				C1B300F525ECE10500B02D4A /* centroid.cc */,
				C1B9B99625DBC210001B4BFB /* costmatrix.cc */,
				C1B300F925ECE10500B02D4A /* dijkstras.cc */,
				C1B9B98025DBC210001B4BFB /* isochrone_action.cc */,
				C1B9B98D25DBC210001B4BFB /* isochrone.cc */,
				C1B9B97925DBC210001B4BFB /* map_matcher.cc */,
				C1B9B97025DBC210001B4BFB /* matrix_action.cc */,
				C1B9B98925DBC210001B4BFB /* multimodal.cc */,
				C1B9B98C25DBC210001B4BFB /* optimized_route_action.cc */,
				C1B9B98225DBC210001B4BFB /* optimizer.cc */,
				C1B9B99425DBC210001B4BFB /* route_action.cc */,
				C1B9B97225DBC210001B4BFB /* route_matcher.cc */,
				C1B9B96E25DBC210001B4BFB /* timedep_forward.cc */,
				C1B9B99825DBC210001B4BFB /* timedep_reverse.cc */,
				C1B300F625ECE10500B02D4A /* timedistancebssmatrix.cc */,
				C1B9B98E25DBC210001B4BFB /* timedistancematrix.cc */,
				C1B9B97725DBC210001B4BFB /* trace_attributes_action.cc */,
				C1B9B97825DBC210001B4BFB /* trace_route_action.cc */,
				C1B300F725ECE10500B02D4A /* triplegbuilder.cc */,
				C1B9B99325DBC210001B4BFB /* worker.cc */,
			);
			name = thor;
			path = src/thor;
			sourceTree = SOURCE_ROOT;
		};
		C1B9B99925DBC210001B4BFB /* midgard */ = {
			isa = PBXGroup;
			children = (
				C1B9B9A225DBC210001B4BFB /* aabb2.cc */,
				C1B9B99B25DBC210001B4BFB /* ellipse.cc */,
				C1B9B9A525DBC210001B4BFB /* linesegment2.cc */,
				C1B9B9AE25DBC210001B4BFB /* logging.cc */,
				C1B9B9A125DBC210001B4BFB /* obb2.cc */,
				C1B9B9A925DBC210001B4BFB /* point2.cc */,
				C1B9B99C25DBC210001B4BFB /* pointll.cc */,
				C1B9B9AF25DBC210001B4BFB /* polyline2.cc */,
				C1B9B9A825DBC210001B4BFB /* tiles.cc */,
				C1B9B9A725DBC210001B4BFB /* util.cc */,
			);
			name = midgard;
			path = src/midgard;
			sourceTree = SOURCE_ROOT;
		};
		C1B9BAE925DBC46C001B4BFB /* proto */ = {
			isa = PBXGroup;
			children = (
				C1B3008525ECDA2200B02D4A /* api.pb.cc */,
				C1B3008825ECDA2200B02D4A /* api.pb.h */,
				C1B3008025ECDA2200B02D4A /* directions.pb.cc */,
				C1B3007F25ECDA2200B02D4A /* directions.pb.h */,
				C1B3008725ECDA2200B02D4A /* incidents.pb.cc */,
				C1B3007E25ECDA2200B02D4A /* incidents.pb.h */,
				C1B3008E25ECDA2300B02D4A /* info.pb.cc */,
				C1B3007B25ECDA2200B02D4A /* info.pb.h */,
				C1B3008125ECDA2200B02D4A /* options.pb.cc */,
				C1B3008325ECDA2200B02D4A /* options.pb.h */,
				C1B3008225ECDA2200B02D4A /* trip.pb.cc */,
				C1B3008B25ECDA2200B02D4A /* trip.pb.h */,
				C1B3008C25ECDA2300B02D4A /* tripcommon.pb.cc */,
				C1B3008D25ECDA2300B02D4A /* tripcommon.pb.h */,
			);
			name = proto;
			path = genfiles/valhalla/proto;
			sourceTree = "<group>";
		};
/* End PBXGroup section */

/* Begin PBXNativeTarget section */
		C1B3011925ECE59A00B02D4A /* valhalla_micro */ = {
			isa = PBXNativeTarget;
			buildConfigurationList = C1B3012025ECE59A00B02D4A /* Build configuration list for PBXNativeTarget "valhalla_micro" */;
			buildPhases = (
				C1B3011625ECE59A00B02D4A /* Sources */,
				C1B3011725ECE59A00B02D4A /* Frameworks */,
				C1B3011825ECE59A00B02D4A /* CopyFiles */,
			);
			buildRules = (
			);
			dependencies = (
			);
			name = valhalla_micro;
			productName = valhalla_micro;
			productReference = C1B3011A25ECE59A00B02D4A /* libvalhalla_micro.a */;
			productType = "com.apple.product-type.library.static";
		};
/* End PBXNativeTarget section */

/* Begin PBXProject section */
		C1B9B82725DBC0F4001B4BFB /* Project object */ = {
			isa = PBXProject;
			attributes = {
				LastUpgradeCheck = 1240;
				TargetAttributes = {
					C1B3011925ECE59A00B02D4A = {
						CreatedOnToolsVersion = 12.4;
					};
				};
			};
			buildConfigurationList = C1B9B82A25DBC0F4001B4BFB /* Build configuration list for PBXProject "valhalla" */;
			compatibilityVersion = "Xcode 9.3";
			developmentRegion = en;
			hasScannedForEncodings = 0;
			knownRegions = (
				en,
				Base,
			);
			mainGroup = C1B9B82625DBC0F4001B4BFB;
			productRefGroup = C1B9B83025DBC0F4001B4BFB /* Products */;
			projectDirPath = "";
			projectRoot = "";
			targets = (
				C1B3011925ECE59A00B02D4A /* valhalla_micro */,
			);
		};
/* End PBXProject section */

/* Begin PBXSourcesBuildPhase section */
		C1B3011625ECE59A00B02D4A /* Sources */ = {
			isa = PBXSourcesBuildPhase;
			buildActionMask = 2147483647;
			files = (
				C1B3017725ECE67F00B02D4A /* viterbi_search.cc in Sources */,
				C1B3015825ECE67500B02D4A /* predictedspeeds.cc in Sources */,
				C1B301B625ECE69700B02D4A /* trace_attributes_action.cc in Sources */,
				C1B3015E25ECE67500B02D4A /* tilehierarchy.cc in Sources */,
				C1B3015225ECE67500B02D4A /* merge.cc in Sources */,
				C1B3019225ECE68900B02D4A /* narrative_dictionary.cc in Sources */,
				C1B3018B25ECE68900B02D4A /* worker.cc in Sources */,
				C1B301BA25ECE69700B02D4A /* centroid.cc in Sources */,
				C1B3014625ECE67500B02D4A /* graphtile.cc in Sources */,
				C1B3018225ECE68400B02D4A /* logging.cc in Sources */,
				C1B3012D25ECE5CB00B02D4A /* incidents.pb.cc in Sources */,
				C1B3015625ECE67500B02D4A /* connectivity_map.cc in Sources */,
				C1B3016825ECE67B00B02D4A /* node_search.cc in Sources */,
				C1B3019325ECE68900B02D4A /* sign.cc in Sources */,
				C1B3016925ECE67B00B02D4A /* locate_action.cc in Sources */,
				C1B301C625ECE69C00B02D4A /* trace_serializer.cc in Sources */,
				C1B301A825ECE69700B02D4A /* trace_route_action.cc in Sources */,
				C1B3015F25ECE67500B02D4A /* curler.cc in Sources */,
				C1B301BF25ECE69C00B02D4A /* matrix_serializer.cc in Sources */,
				C1B3012B25ECE5CB00B02D4A /* directions.pb.cc in Sources */,
				C1B3019425ECE68900B02D4A /* util.cc in Sources */,
				C1B301B225ECE69700B02D4A /* optimized_route_action.cc in Sources */,
				C1B3015B25ECE67500B02D4A /* streetname.cc in Sources */,
				C1B301C725ECE69C00B02D4A /* route_serializer_osrm.cc in Sources */,
				C1B3016A25ECE67B00B02D4A /* isochrone_action.cc in Sources */,
				C1B3017A25ECE67F00B02D4A /* candidate_search.cc in Sources */,
				C1B301A525ECE69700B02D4A /* optimizer.cc in Sources */,
				C1B3018E25ECE68900B02D4A /* signs.cc in Sources */,
				C1B3017E25ECE68400B02D4A /* linesegment2.cc in Sources */,
				C1B301A325ECE69200B02D4A /* util.cc in Sources */,
				C1B301BC25ECE69700B02D4A /* bidirectional_astar.cc in Sources */,
				C1B301AC25ECE69700B02D4A /* route_matcher.cc in Sources */,
				C1B3012825ECE5CB00B02D4A /* options.pb.cc in Sources */,
				C1B301B725ECE69700B02D4A /* isochrone.cc in Sources */,
				C1B301B025ECE69700B02D4A /* worker.cc in Sources */,
				C1B3016D25ECE67B00B02D4A /* route_action.cc in Sources */,
				C1B301C025ECE69C00B02D4A /* isochrone_serializer.cc in Sources */,
				C1B3014D25ECE67500B02D4A /* transitdeparture.cc in Sources */,
				C1B3015D25ECE67500B02D4A /* edgetracker.cc in Sources */,
				C1B3012925ECE5CB00B02D4A /* api.pb.cc in Sources */,
				C1B3012525ECE5C200B02D4A /* ios.mm in Sources */,
				C1B3012625ECE5C200B02D4A /* tz.cpp in Sources */,
				C1B301B925ECE69700B02D4A /* alternates.cc in Sources */,
				C1B3019C25ECE68E00B02D4A /* transitcost.cc in Sources */,
				C1B301B825ECE69700B02D4A /* timedep_reverse.cc in Sources */,
				C1B3016F25ECE67B00B02D4A /* search.cc in Sources */,
				C1B3018625ECE68400B02D4A /* util.cc in Sources */,
				C1B301C825ECE69C00B02D4A /* route_serializer.cc in Sources */,
				C1B3014B25ECE67500B02D4A /* verbal_text_formatter.cc in Sources */,
				C1B301AA25ECE69700B02D4A /* costmatrix.cc in Sources */,
				C1B301B525ECE69700B02D4A /* dijkstras.cc in Sources */,
				C1B3019125ECE68900B02D4A /* directionsbuilder.cc in Sources */,
				C1B301C125ECE69C00B02D4A /* route_serializer_valhalla.cc in Sources */,
				C1B301BE25ECE69C00B02D4A /* serializers.cc in Sources */,
				C1B3018325ECE68400B02D4A /* point2.cc in Sources */,
				C1B3017625ECE67F00B02D4A /* topk_search.cc in Sources */,
				C1B301AD25ECE69700B02D4A /* timedistancematrix.cc in Sources */,
				C1B3015025ECE67500B02D4A /* graphtileheader.cc in Sources */,
				C1B301BB25ECE69700B02D4A /* attributes_controller.cc in Sources */,
				C1B3015925ECE67500B02D4A /* edgeinfo.cc in Sources */,
				C1B3014825ECE67500B02D4A /* streetnames.cc in Sources */,
				C1B3016C25ECE67B00B02D4A /* reach.cc in Sources */,
				C1B3016025ECE67500B02D4A /* nodeinfo.cc in Sources */,
				C1B301A625ECE69700B02D4A /* timedistancebssmatrix.cc in Sources */,
				C1B301A025ECE68E00B02D4A /* truckcost.cc in Sources */,
				C1B3015125ECE67500B02D4A /* laneconnectivity.cc in Sources */,
				C1B3019E25ECE68E00B02D4A /* dynamiccost.cc in Sources */,
				C1B3018425ECE68400B02D4A /* ellipse.cc in Sources */,
				C1B3012E25ECE5CB00B02D4A /* tripcommon.pb.cc in Sources */,
				C1B3015C25ECE67500B02D4A /* transitschedule.cc in Sources */,
				C1B3016425ECE67500B02D4A /* streetname_us.cc in Sources */,
				C1B3019F25ECE68E00B02D4A /* bicyclecost.cc in Sources */,
				C1B3017525ECE67F00B02D4A /* map_matcher_factory.cc in Sources */,
				C1B3014F25ECE67500B02D4A /* verbal_text_formatter_us_tx.cc in Sources */,
				C1B3018025ECE68400B02D4A /* obb2.cc in Sources */,
				C1B301AB25ECE69700B02D4A /* matrix_action.cc in Sources */,
				C1B3015725ECE67500B02D4A /* directededge.cc in Sources */,
				C1B3016725ECE67B00B02D4A /* height_action.cc in Sources */,
				C1B301A225ECE69200B02D4A /* sample.cc in Sources */,
				C1B3019925ECE68E00B02D4A /* hierarchylimits.cc in Sources */,
				C1B3014325ECE67500B02D4A /* verbal_text_formatter_factory.cc in Sources */,
				C1B3019B25ECE68E00B02D4A /* nocost.cc in Sources */,
				C1B3018125ECE68400B02D4A /* pointll.cc in Sources */,
				C1B3019825ECE68E00B02D4A /* motorcyclecost.cc in Sources */,
				C1B3017C25ECE67F00B02D4A /* routing.cc in Sources */,
				C1B301AF25ECE69700B02D4A /* timedep_forward.cc in Sources */,
				C1B3017025ECE67B00B02D4A /* transit_available_action.cc in Sources */,
				C1B3016125ECE67500B02D4A /* accessrestriction.cc in Sources */,
				C1B301C225ECE69C00B02D4A /* transit_available_serializer.cc in Sources */,
				C1B3014725ECE67500B02D4A /* streetnames_factory.cc in Sources */,
				C1B3016325ECE67500B02D4A /* verbal_text_formatter_us.cc in Sources */,
				C1B3018725ECE68400B02D4A /* aabb2.cc in Sources */,
				C1B3019625ECE68E00B02D4A /* autocost.cc in Sources */,
				C1B3016E25ECE67B00B02D4A /* worker.cc in Sources */,
				C1B301A925ECE69700B02D4A /* triplegbuilder.cc in Sources */,
				C1B3014125ECE67000B02D4A /* worker.cc in Sources */,
				C1B3016225ECE67500B02D4A /* admin.cc in Sources */,
				C1B3015525ECE67500B02D4A /* compression_utils.cc in Sources */,
				C1B3014A25ECE67500B02D4A /* transittransfer.cc in Sources */,
				C1B3018C25ECE68900B02D4A /* enhancedtrippath.cc in Sources */,
				C1B3015A25ECE67500B02D4A /* location.cc in Sources */,
				C1B3012425ECE5C200B02D4A /* micro.cpp in Sources */,
				C1B301B325ECE69700B02D4A /* isochrone_action.cc in Sources */,
				C1B3017125ECE67B00B02D4A /* trace_route_action.cc in Sources */,
				C1B3018925ECE68900B02D4A /* maneuversbuilder.cc in Sources */,
				C1B3013F25ECE66D00B02D4A /* proto_conversions.cc in Sources */,
				C1B3017325ECE67F00B02D4A /* match_route.cc in Sources */,
				C1B3017925ECE67F00B02D4A /* map_matcher.cc in Sources */,
				C1B3017F25ECE68400B02D4A /* tiles.cc in Sources */,
				C1B3017825ECE67F00B02D4A /* config.cc in Sources */,
				C1B3015325ECE67500B02D4A /* pathlocation.cc in Sources */,
				C1B3019A25ECE68E00B02D4A /* motorscootercost.cc in Sources */,
				C1B3014425ECE67500B02D4A /* streetnames_us.cc in Sources */,
				C1B3014C25ECE67500B02D4A /* graphid.cc in Sources */,
				C1B3017425ECE67F00B02D4A /* valhalla_run_map_match.cc in Sources */,
				C1B3012A25ECE5CB00B02D4A /* trip.pb.cc in Sources */,
				C1B3015425ECE67500B02D4A /* verbal_text_formatter_us_co.cc in Sources */,
				C1B301C325ECE69C00B02D4A /* locate_serializer.cc in Sources */,
				C1B3014525ECE67500B02D4A /* datetime.cc in Sources */,
				C1B3018F25ECE68900B02D4A /* maneuver.cc in Sources */,
				C1B3019725ECE68E00B02D4A /* recost.cc in Sources */,
				C1B301B125ECE69700B02D4A /* astar_bss.cc in Sources */,
				C1B301C525ECE69C00B02D4A /* height_serializer.cc in Sources */,
				C1B3014925ECE67500B02D4A /* turn.cc in Sources */,
				C1B3018525ECE68400B02D4A /* polyline2.cc in Sources */,
				C1B3018D25ECE68900B02D4A /* narrative_builder_factory.cc in Sources */,
				C1B3018A25ECE68900B02D4A /* narrativebuilder.cc in Sources */,
				C1B3012C25ECE5CB00B02D4A /* info.pb.cc in Sources */,
				C1B3016525ECE67500B02D4A /* transitroute.cc in Sources */,
				C1B3016B25ECE67B00B02D4A /* matrix_action.cc in Sources */,
				C1B301AE25ECE69700B02D4A /* multimodal.cc in Sources */,
				C1B301B425ECE69700B02D4A /* route_action.cc in Sources */,
				C1B301A725ECE69700B02D4A /* map_matcher.cc in Sources */,
				C1B3019025ECE68900B02D4A /* transitrouteinfo.cc in Sources */,
				C1B3019D25ECE68E00B02D4A /* pedestriancost.cc in Sources */,
				C1B3017B25ECE67F00B02D4A /* transition_cost_model.cc in Sources */,
				C1B3014E25ECE67500B02D4A /* graphreader.cc in Sources */,
				C1B301C425ECE69C00B02D4A /* actor.cc in Sources */,
			);
			runOnlyForDeploymentPostprocessing = 0;
		};
/* End PBXSourcesBuildPhase section */

/* Begin XCBuildConfiguration section */
		C1B3012125ECE59A00B02D4A /* Debug */ = {
			isa = XCBuildConfiguration;
			buildSettings = {
				MACH_O_TYPE = staticlib;
				PRODUCT_NAME = valhalla_micro;
			};
			name = Debug;
		};
		C1B3012225ECE59A00B02D4A /* Release */ = {
			isa = XCBuildConfiguration;
			buildSettings = {
				MACH_O_TYPE = staticlib;
				PRODUCT_NAME = valhalla_micro;
			};
			name = Release;
		};
		C1B9B83625DBC0F4001B4BFB /* Debug */ = {
			isa = XCBuildConfiguration;
			baseConfigurationReference = C1B300DC25ECDFE800B02D4A /* Base.xcconfig */;
			buildSettings = {
			};
			name = Debug;
		};
		C1B9B83725DBC0F4001B4BFB /* Release */ = {
			isa = XCBuildConfiguration;
			baseConfigurationReference = C1B300DC25ECDFE800B02D4A /* Base.xcconfig */;
			buildSettings = {
			};
			name = Release;
		};
/* End XCBuildConfiguration section */

/* Begin XCConfigurationList section */
		C1B3012025ECE59A00B02D4A /* Build configuration list for PBXNativeTarget "valhalla_micro" */ = {
			isa = XCConfigurationList;
			buildConfigurations = (
				C1B3012125ECE59A00B02D4A /* Debug */,
				C1B3012225ECE59A00B02D4A /* Release */,
			);
			defaultConfigurationIsVisible = 0;
			defaultConfigurationName = Release;
		};
		C1B9B82A25DBC0F4001B4BFB /* Build configuration list for PBXProject "valhalla" */ = {
			isa = XCConfigurationList;
			buildConfigurations = (
				C1B9B83625DBC0F4001B4BFB /* Debug */,
				C1B9B83725DBC0F4001B4BFB /* Release */,
			);
			defaultConfigurationIsVisible = 0;
			defaultConfigurationName = Release;
		};
/* End XCConfigurationList section */
	};
	rootObject = C1B9B82725DBC0F4001B4BFB /* Project object */;
}
